{
  "name": "random-character-strings",
  "version": "1.0.0",
  "lockfileVersion": 3,
  "requires": true,
  "packages": {
    "": {
      "name": "random-character-strings",
      "version": "1.0.0",
      "license": "MIT",
      "bin": {
        "random-character-strings": "bin/global.js"
      }
    }
  }
}
